
Microsoft Visual Studio Solution File, Format Version 12.00
# Visual Studio Version 17
VisualStudioVersion = 17.7.34302.85
MinimumVisualStudioVersion = 10.0.40219.1
Project("{FAE04EC0-301F-11D3-BF4B-00C04F79EFBC}") = "DemoCustomAuth", "DemoCustomAuth.csproj", "{EC024B6F-B10D-47A3-8589-64CCF25C8447}"
EndProject
Global
	GlobalSection(SolutionConfigurationPlatforms) = preSolution
		Debug|Any CPU = Debug|Any CPU
		Release|Any CPU = Release|Any CPU
	EndGlobalSection
	GlobalSection(ProjectConfigurationPlatforms) = postSolution
		{EC024B6F-B10D-47A3-8589-64CCF25C8447}.Debug|Any CPU.ActiveCfg = Debug|Any CPU
		{EC024B6F-B10D-47A3-8589-64CCF25C8447}.Debug|Any CPU.Build.0 = Debug|Any CPU
		{EC024B6F-B10D-47A3-8589-64CCF25C8447}.Release|Any CPU.ActiveCfg = Release|Any CPU
		{EC024B6F-B10D-47A3-8589-64CCF25C8447}.Release|Any CPU.Build.0 = Release|Any CPU
	EndGlobalSection
	GlobalSection(SolutionProperties) = preSolution
		HideSolutionNode = FALSE
	EndGlobalSection
	GlobalSection(ExtensibilityGlobals) = postSolution
		SolutionGuid = {A63F64A6-6D7F-4DE8-97DB-3B26A3163BB2}
	EndGlobalSection
EndGlobal
